
Microsoft Visual Studio Solution File, Format Version 12.00
# Visual Studio 15
VisualStudioVersion = 15.0.28307.168
MinimumVisualStudioVersion = 10.0.40219.1
Project("{888888A0-9F3D-457C-B088-3A5042F75D52}") = "yi_tian_tu_long_ji", "yi_tian_tu_long_ji\yi_tian_tu_long_ji.pyproj", "{4562773E-85E5-44D1-972C-1E0F15EDF200}"
EndProject
Global
	GlobalSection(SolutionConfigurationPlatforms) = preSolution
		Debug|Any CPU = Debug|Any CPU
		Release|Any CPU = Release|Any CPU
	EndGlobalSection
	GlobalSection(ProjectConfigurationPlatforms) = postSolution
		{4562773E-85E5-44D1-972C-1E0F15EDF200}.Debug|Any CPU.ActiveCfg = Debug|Any CPU
		{4562773E-85E5-44D1-972C-1E0F15EDF200}.Release|Any CPU.ActiveCfg = Release|Any CPU
	EndGlobalSection
	GlobalSection(SolutionProperties) = preSolution
		HideSolutionNode = FALSE
	EndGlobalSection
	GlobalSection(ExtensibilityGlobals) = postSolution
		SolutionGuid = {B3C604E2-F57B-494B-B615-2009524653B1}
	EndGlobalSection
EndGlobal
